
Microsoft Visual Studio Solution File, Format Version 12.00
# Visual Studio Version 17
VisualStudioVersion = 17.3.32929.385
MinimumVisualStudioVersion = 10.0.40219.1
Project("{FAE04EC0-301F-11D3-BF4B-00C04F79EFBC}") = "Pharmacy2", "Pharmacy2\Pharmacy2.csproj", "{5DFB60FE-D03C-47E0-A387-DA3FF9E0DD15}"
EndProject
Global
	GlobalSection(SolutionConfigurationPlatforms) = preSolution
		Debug|Any CPU = Debug|Any CPU
		Release|Any CPU = Release|Any CPU
	EndGlobalSection
	GlobalSection(ProjectConfigurationPlatforms) = postSolution
		{5DFB60FE-D03C-47E0-A387-DA3FF9E0DD15}.Debug|Any CPU.ActiveCfg = Debug|Any CPU
		{5DFB60FE-D03C-47E0-A387-DA3FF9E0DD15}.Debug|Any CPU.Build.0 = Debug|Any CPU
		{5DFB60FE-D03C-47E0-A387-DA3FF9E0DD15}.Release|Any CPU.ActiveCfg = Release|Any CPU
		{5DFB60FE-D03C-47E0-A387-DA3FF9E0DD15}.Release|Any CPU.Build.0 = Release|Any CPU
	EndGlobalSection
	GlobalSection(SolutionProperties) = preSolution
		HideSolutionNode = FALSE
	EndGlobalSection
	GlobalSection(ExtensibilityGlobals) = postSolution
		SolutionGuid = {DED1DFA4-DF9B-4966-BE4E-3294BA69FBA5}
	EndGlobalSection
EndGlobal
